
Microsoft Visual Studio Solution File, Format Version 12.00
Project("{2150E333-8FDC-42A3-9474-1A3956D46DE8}") = "src", "src", "{677E369F-0727-4CC8-8B26-8D6DBDB473F7}"
EndProject
Project("{2150E333-8FDC-42A3-9474-1A3956D46DE8}") = "test", "test", "{3062278D-CB98-423E-82C3-B55C9FAE2040}"
EndProject
Project("{FAE04EC0-301F-11D3-BF4B-00C04F79EFBC}") = "Swap.Indexer", "Swap.Indexer\Swap.Indexer.csproj", "{F2908F34-70DA-4C88-835E-7663FFD786FF}"
EndProject
Project("{FAE04EC0-301F-11D3-BF4B-00C04F79EFBC}") = "Swap.Indexer.Tests", "test\Swap.Indexer.Tests\Swap.Indexer.Tests.csproj", "{BD062EEE-668B-4393-B654-A6C5503F288F}"
EndProject
Project("{FAE04EC0-301F-11D3-BF4B-00C04F79EFBC}") = "Swap.Indexer.TestBase", "test\Swap.Indexer.TestBase\Swap.Indexer.TestBase.csproj", "{0C03D850-8F3D-4780-9BAA-3ED2C29CA66D}"
EndProject
Project("{FAE04EC0-301F-11D3-BF4B-00C04F79EFBC}") = "Swap.indexer.Orleans.TestBase", "test\Swap.indexer.Orleans.TestBase\Swap.indexer.Orleans.TestBase.csproj", "{54972F2E-6331-4AF8-8439-ADA209133187}"
EndProject
Global
	GlobalSection(SolutionConfigurationPlatforms) = preSolution
		Debug|Any CPU = Debug|Any CPU
		Release|Any CPU = Release|Any CPU
	EndGlobalSection
	GlobalSection(NestedProjects) = preSolution
		{F2908F34-70DA-4C88-835E-7663FFD786FF} = {677E369F-0727-4CC8-8B26-8D6DBDB473F7}
		{BD062EEE-668B-4393-B654-A6C5503F288F} = {3062278D-CB98-423E-82C3-B55C9FAE2040}
		{0C03D850-8F3D-4780-9BAA-3ED2C29CA66D} = {3062278D-CB98-423E-82C3-B55C9FAE2040}
		{54972F2E-6331-4AF8-8439-ADA209133187} = {3062278D-CB98-423E-82C3-B55C9FAE2040}
	EndGlobalSection
	GlobalSection(ProjectConfigurationPlatforms) = postSolution
		{F2908F34-70DA-4C88-835E-7663FFD786FF}.Debug|Any CPU.ActiveCfg = Debug|Any CPU
		{F2908F34-70DA-4C88-835E-7663FFD786FF}.Debug|Any CPU.Build.0 = Debug|Any CPU
		{F2908F34-70DA-4C88-835E-7663FFD786FF}.Release|Any CPU.ActiveCfg = Release|Any CPU
		{F2908F34-70DA-4C88-835E-7663FFD786FF}.Release|Any CPU.Build.0 = Release|Any CPU
		{BD062EEE-668B-4393-B654-A6C5503F288F}.Debug|Any CPU.ActiveCfg = Debug|Any CPU
		{BD062EEE-668B-4393-B654-A6C5503F288F}.Debug|Any CPU.Build.0 = Debug|Any CPU
		{BD062EEE-668B-4393-B654-A6C5503F288F}.Release|Any CPU.ActiveCfg = Release|Any CPU
		{BD062EEE-668B-4393-B654-A6C5503F288F}.Release|Any CPU.Build.0 = Release|Any CPU
		{0C03D850-8F3D-4780-9BAA-3ED2C29CA66D}.Debug|Any CPU.ActiveCfg = Debug|Any CPU
		{0C03D850-8F3D-4780-9BAA-3ED2C29CA66D}.Debug|Any CPU.Build.0 = Debug|Any CPU
		{0C03D850-8F3D-4780-9BAA-3ED2C29CA66D}.Release|Any CPU.ActiveCfg = Release|Any CPU
		{0C03D850-8F3D-4780-9BAA-3ED2C29CA66D}.Release|Any CPU.Build.0 = Release|Any CPU
		{54972F2E-6331-4AF8-8439-ADA209133187}.Debug|Any CPU.ActiveCfg = Debug|Any CPU
		{54972F2E-6331-4AF8-8439-ADA209133187}.Debug|Any CPU.Build.0 = Debug|Any CPU
		{54972F2E-6331-4AF8-8439-ADA209133187}.Release|Any CPU.ActiveCfg = Release|Any CPU
		{54972F2E-6331-4AF8-8439-ADA209133187}.Release|Any CPU.Build.0 = Release|Any CPU
	EndGlobalSection
EndGlobal
